// !$*UTF8*$!
{
	archiveVersion = 1;
	classes = {
	};
	objectVersion = 77;
	objects = {

/* Begin PBXContainerItemProxy section */
		47EF3FC32D94EAB70044FD58 /* PBXContainerItemProxy */ = {
			isa = PBXContainerItemProxy;
			containerPortal = 47EF3FAA2D94EAB60044FD58 /* Project object */;
			proxyType = 1;
			remoteGlobalIDString = 47EF3FB12D94EAB60044FD58;
			remoteInfo = Chatwork;
		};
		47EF3FCD2D94EAB70044FD58 /* PBXContainerItemProxy */ = {
			isa = PBXContainerItemProxy;
			containerPortal = 47EF3FAA2D94EAB60044FD58 /* Project object */;
			proxyType = 1;
			remoteGlobalIDString = 47EF3FB12D94EAB60044FD58;
			remoteInfo = Chatwork;
		};
/* End PBXContainerItemProxy section */

/* Begin PBXFileReference section */
		47EF3FB22D94EAB60044FD58 /* Chatwork.app */ = {isa = PBXFileReference; explicitFileType = wrapper.application; includeInIndex = 0; path = Chatwork.app; sourceTree = BUILT_PRODUCTS_DIR; };
		47EF3FC22D94EAB70044FD58 /* ChatworkTests.xctest */ = {isa = PBXFileReference; explicitFileType = wrapper.cfbundle; includeInIndex = 0; path = ChatworkTests.xctest; sourceTree = BUILT_PRODUCTS_DIR; };
		47EF3FCC2D94EAB70044FD58 /* ChatworkUITests.xctest */ = {isa = PBXFileReference; explicitFileType = wrapper.cfbundle; includeInIndex = 0; path = ChatworkUITests.xctest; sourceTree = BUILT_PRODUCTS_DIR; };
/* End PBXFileReference section */

/* Begin PBXFileSystemSynchronizedRootGroup section */
		47EF3FB42D94EAB60044FD58 /* Chatwork */ = {
			isa = PBXFileSystemSynchronizedRootGroup;
			path = Chatwork;
			sourceTree = "<group>";
		};
		47EF3FC52D94EAB70044FD58 /* ChatworkTests */ = {
			isa = PBXFileSystemSynchronizedRootGroup;
			path = ChatworkTests;
			sourceTree = "<group>";
		};
		47EF3FCF2D94EAB70044FD58 /* ChatworkUITests */ = {
			isa = PBXFileSystemSynchronizedRootGroup;
			path = ChatworkUITests;
			sourceTree = "<group>";
		};
/* End PBXFileSystemSynchronizedRootGroup section */

/* Begin PBXFrameworksBuildPhase section */
		47EF3FAF2D94EAB60044FD58 /* Frameworks */ = {
			isa = PBXFrameworksBuildPhase;
			buildActionMask = 2147483647;
			files = (
			);
			runOnlyForDeploymentPostprocessing = 0;
		};
		47EF3FBF2D94EAB70044FD58 /* Frameworks */ = {
			isa = PBXFrameworksBuildPhase;
			buildActionMask = 2147483647;
			files = (
			);
			runOnlyForDeploymentPostprocessing = 0;
		};
		47EF3FC92D94EAB70044FD58 /* Frameworks */ = {
			isa = PBXFrameworksBuildPhase;
			buildActionMask = 2147483647;
			files = (
			);
			runOnlyForDeploymentPostprocessing = 0;
		};
/* End PBXFrameworksBuildPhase section */

/* Begin PBXGroup section */
		47EF3FA92D94EAB60044FD58 = {
			isa = PBXGroup;
			children = (
				47EF3FB42D94EAB60044FD58 /* Chatwork */,
				47EF3FC52D94EAB70044FD58 /* ChatworkTests */,
				47EF3FCF2D94EAB70044FD58 /* ChatworkUITests */,
				47EF3FB32D94EAB60044FD58 /* Products */,
			);
			sourceTree = "<group>";
		};
		47EF3FB32D94EAB60044FD58 /* Products */ = {
			isa = PBXGroup;
			children = (
				47EF3FB22D94EAB60044FD58 /* Chatwork.app */,
				47EF3FC22D94EAB70044FD58 /* ChatworkTests.xctest */,
				47EF3FCC2D94EAB70044FD58 /* ChatworkUITests.xctest */,
			);
			name = Products;
			sourceTree = "<group>";
		};
/* End PBXGroup section */

/* Begin PBXNativeTarget section */
		47EF3FB12D94EAB60044FD58 /* Chatwork */ = {
			isa = PBXNativeTarget;
			buildConfigurationList = 47EF3FD62D94EAB70044FD58 /* Build configuration list for PBXNativeTarget "Chatwork" */;
			buildPhases = (
				47EF3FAE2D94EAB60044FD58 /* Sources */,
				47EF3FAF2D94EAB60044FD58 /* Frameworks */,
				47EF3FB02D94EAB60044FD58 /* Resources */,
			);
			buildRules = (
			);
			dependencies = (
			);
			fileSystemSynchronizedGroups = (
				47EF3FB42D94EAB60044FD58 /* Chatwork */,
			);
			name = Chatwork;
			packageProductDependencies = (
			);
			productName = Chatwork;
			productReference = 47EF3FB22D94EAB60044FD58 /* Chatwork.app */;
			productType = "com.apple.product-type.application";
		};
		47EF3FC12D94EAB70044FD58 /* ChatworkTests */ = {
			isa = PBXNativeTarget;
			buildConfigurationList = 47EF3FD92D94EAB70044FD58 /* Build configuration list for PBXNativeTarget "ChatworkTests" */;
			buildPhases = (
				47EF3FBE2D94EAB70044FD58 /* Sources */,
				47EF3FBF2D94EAB70044FD58 /* Frameworks */,
				47EF3FC02D94EAB70044FD58 /* Resources */,
			);
			buildRules = (
			);
			dependencies = (
				47EF3FC42D94EAB70044FD58 /* PBXTargetDependency */,
			);
			fileSystemSynchronizedGroups = (
				47EF3FC52D94EAB70044FD58 /* ChatworkTests */,
			);
			name = ChatworkTests;
			packageProductDependencies = (
			);
			productName = ChatworkTests;
			productReference = 47EF3FC22D94EAB70044FD58 /* ChatworkTests.xctest */;
			productType = "com.apple.product-type.bundle.unit-test";
		};
		47EF3FCB2D94EAB70044FD58 /* ChatworkUITests */ = {
			isa = PBXNativeTarget;
			buildConfigurationList = 47EF3FDC2D94EAB70044FD58 /* Build configuration list for PBXNativeTarget "ChatworkUITests" */;
			buildPhases = (
				47EF3FC82D94EAB70044FD58 /* Sources */,
				47EF3FC92D94EAB70044FD58 /* Frameworks */,
				47EF3FCA2D94EAB70044FD58 /* Resources */,
			);
			buildRules = (
			);
			dependencies = (
				47EF3FCE2D94EAB70044FD58 /* PBXTargetDependency */,
			);
			fileSystemSynchronizedGroups = (
				47EF3FCF2D94EAB70044FD58 /* ChatworkUITests */,
			);
			name = ChatworkUITests;
			packageProductDependencies = (
			);
			productName = ChatworkUITests;
			productReference = 47EF3FCC2D94EAB70044FD58 /* ChatworkUITests.xctest */;
			productType = "com.apple.product-type.bundle.ui-testing";
		};
/* End PBXNativeTarget section */

/* Begin PBXProject section */
		47EF3FAA2D94EAB60044FD58 /* Project object */ = {
			isa = PBXProject;
			attributes = {
				BuildIndependentTargetsInParallel = 1;
				LastSwiftUpdateCheck = 1620;
				LastUpgradeCheck = 1620;
				TargetAttributes = {
					47EF3FB12D94EAB60044FD58 = {
						CreatedOnToolsVersion = 16.2;
					};
					47EF3FC12D94EAB70044FD58 = {
						CreatedOnToolsVersion = 16.2;
						TestTargetID = 47EF3FB12D94EAB60044FD58;
					};
					47EF3FCB2D94EAB70044FD58 = {
						CreatedOnToolsVersion = 16.2;
						TestTargetID = 47EF3FB12D94EAB60044FD58;
					};
				};
			};
			buildConfigurationList = 47EF3FAD2D94EAB60044FD58 /* Build configuration list for PBXProject "Chatwork" */;
			developmentRegion = en;
			hasScannedForEncodings = 0;
			knownRegions = (
				en,
				Base,
			);
			mainGroup = 47EF3FA92D94EAB60044FD58;
			minimizedProjectReferenceProxies = 1;
			preferredProjectObjectVersion = 77;
			productRefGroup = 47EF3FB32D94EAB60044FD58 /* Products */;
			projectDirPath = "";
			projectRoot = "";
			targets = (
				47EF3FB12D94EAB60044FD58 /* Chatwork */,
				47EF3FC12D94EAB70044FD58 /* ChatworkTests */,
				47EF3FCB2D94EAB70044FD58 /* ChatworkUITests */,
			);
		};
/* End PBXProject section */

/* Begin PBXResourcesBuildPhase section */
		47EF3FB02D94EAB60044FD58 /* Resources */ = {
			isa = PBXResourcesBuildPhase;
			buildActionMask = 2147483647;
			files = (
			);
			runOnlyForDeploymentPostprocessing = 0;
		};
		47EF3FC02D94EAB70044FD58 /* Resources */ = {
			isa = PBXResourcesBuildPhase;
			buildActionMask = 2147483647;
			files = (
			);
			runOnlyForDeploymentPostprocessing = 0;
		};
		47EF3FCA2D94EAB70044FD58 /* Resources */ = {
			isa = PBXResourcesBuildPhase;
			buildActionMask = 2147483647;
			files = (
			);
			runOnlyForDeploymentPostprocessing = 0;
		};
/* End PBXResourcesBuildPhase section */

/* Begin PBXSourcesBuildPhase section */
		47EF3FAE2D94EAB60044FD58 /* Sources */ = {
			isa = PBXSourcesBuildPhase;
			buildActionMask = 2147483647;
			files = (
			);
			runOnlyForDeploymentPostprocessing = 0;
		};
		47EF3FBE2D94EAB70044FD58 /* Sources */ = {
			isa = PBXSourcesBuildPhase;
			buildActionMask = 2147483647;
			files = (
			);
			runOnlyForDeploymentPostprocessing = 0;
		};
		47EF3FC82D94EAB70044FD58 /* Sources */ = {
			isa = PBXSourcesBuildPhase;
			buildActionMask = 2147483647;
			files = (
			);
			runOnlyForDeploymentPostprocessing = 0;
		};
/* End PBXSourcesBuildPhase section */

/* Begin PBXTargetDependency section */
		47EF3FC42D94EAB70044FD58 /* PBXTargetDependency */ = {
			isa = PBXTargetDependency;
			target = 47EF3FB12D94EAB60044FD58 /* Chatwork */;
			targetProxy = 47EF3FC32D94EAB70044FD58 /* PBXContainerItemProxy */;
		};
		47EF3FCE2D94EAB70044FD58 /* PBXTargetDependency */ = {
			isa = PBXTargetDependency;
			target = 47EF3FB12D94EAB60044FD58 /* Chatwork */;
			targetProxy = 47EF3FCD2D94EAB70044FD58 /* PBXContainerItemProxy */;
		};
/* End PBXTargetDependency section */

/* Begin XCBuildConfiguration section */
		47EF3FD42D94EAB70044FD58 /* Debug */ = {
			isa = XCBuildConfiguration;
			buildSettings = {
				ALWAYS_SEARCH_USER_PATHS = NO;
				ASSETCATALOG_COMPILER_GENERATE_SWIFT_ASSET_SYMBOL_EXTENSIONS = YES;
				CLANG_ANALYZER_NONNULL = YES;
				CLANG_ANALYZER_NUMBER_OBJECT_CONVERSION = YES_AGGRESSIVE;
				CLANG_CXX_LANGUAGE_STANDARD = "gnu++20";
				CLANG_ENABLE_MODULES = YES;
				CLANG_ENABLE_OBJC_ARC = YES;
				CLANG_ENABLE_OBJC_WEAK = YES;
				CLANG_WARN_BLOCK_CAPTURE_AUTORELEASING = YES;
				CLANG_WARN_BOOL_CONVERSION = YES;
				CLANG_WARN_COMMA = YES;
				CLANG_WARN_CONSTANT_CONVERSION = YES;
				CLANG_WARN_DEPRECATED_OBJC_IMPLEMENTATIONS = YES;
				CLANG_WARN_DIRECT_OBJC_ISA_USAGE = YES_ERROR;
				CLANG_WARN_DOCUMENTATION_COMMENTS = YES;
				CLANG_WARN_EMPTY_BODY = YES;
				CLANG_WARN_ENUM_CONVERSION = YES;
				CLANG_WARN_INFINITE_RECURSION = YES;
				CLANG_WARN_INT_CONVERSION = YES;
				CLANG_WARN_NON_LITERAL_NULL_CONVERSION = YES;
				CLANG_WARN_OBJC_IMPLICIT_RETAIN_SELF = YES;
				CLANG_WARN_OBJC_LITERAL_CONVERSION = YES;
				CLANG_WARN_OBJC_ROOT_CLASS = YES_ERROR;
				CLANG_WARN_QUOTED_INCLUDE_IN_FRAMEWORK_HEADER = YES;
				CLANG_WARN_RANGE_LOOP_ANALYSIS = YES;
				CLANG_WARN_STRICT_PROTOTYPES = YES;
				CLANG_WARN_SUSPICIOUS_MOVE = YES;
				CLANG_WARN_UNGUARDED_AVAILABILITY = YES_AGGRESSIVE;
				CLANG_WARN_UNREACHABLE_CODE = YES;
				CLANG_WARN__DUPLICATE_METHOD_MATCH = YES;
				COPY_PHASE_STRIP = NO;
				DEBUG_INFORMATION_FORMAT = dwarf;
				ENABLE_STRICT_OBJC_MSGSEND = YES;
				ENABLE_TESTABILITY = YES;
				ENABLE_USER_SCRIPT_SANDBOXING = YES;
				GCC_C_LANGUAGE_STANDARD = gnu17;
				GCC_DYNAMIC_NO_PIC = NO;
				GCC_NO_COMMON_BLOCKS = YES;
				GCC_OPTIMIZATION_LEVEL = 0;
				GCC_PREPROCESSOR_DEFINITIONS = (
					"DEBUG=1",
					"$(inherited)",
				);
				GCC_WARN_64_TO_32_BIT_CONVERSION = YES;
				GCC_WARN_ABOUT_RETURN_TYPE = YES_ERROR;
				GCC_WARN_UNDECLARED_SELECTOR = YES;
				GCC_WARN_UNINITIALIZED_AUTOS = YES_AGGRESSIVE;
				GCC_WARN_UNUSED_FUNCTION = YES;
				GCC_WARN_UNUSED_VARIABLE = YES;
				IPHONEOS_DEPLOYMENT_TARGET = 18.2;
				LOCALIZATION_PREFERS_STRING_CATALOGS = YES;
				MTL_ENABLE_DEBUG_INFO = INCLUDE_SOURCE;
				MTL_FAST_MATH = YES;
				ONLY_ACTIVE_ARCH = YES;
				SDKROOT = iphoneos;
				SWIFT_ACTIVE_COMPILATION_CONDITIONS = "DEBUG $(inherited)";
				SWIFT_OPTIMIZATION_LEVEL = "-Onone";
			};
			name = Debug;
		};
		47EF3FD52D94EAB70044FD58 /* Release */ = {
			isa = XCBuildConfiguration;
			buildSettings = {
				ALWAYS_SEARCH_USER_PATHS = NO;
				ASSETCATALOG_COMPILER_GENERATE_SWIFT_ASSET_SYMBOL_EXTENSIONS = YES;
				CLANG_ANALYZER_NONNULL = YES;
				CLANG_ANALYZER_NUMBER_OBJECT_CONVERSION = YES_AGGRESSIVE;
				CLANG_CXX_LANGUAGE_STANDARD = "gnu++20";
				CLANG_ENABLE_MODULES = YES;
				CLANG_ENABLE_OBJC_ARC = YES;
				CLANG_ENABLE_OBJC_WEAK = YES;
				CLANG_WARN_BLOCK_CAPTURE_AUTORELEASING = YES;
				CLANG_WARN_BOOL_CONVERSION = YES;
				CLANG_WARN_COMMA = YES;
				CLANG_WARN_CONSTANT_CONVERSION = YES;
				CLANG_WARN_DEPRECATED_OBJC_IMPLEMENTATIONS = YES;
				CLANG_WARN_DIRECT_OBJC_ISA_USAGE = YES_ERROR;
				CLANG_WARN_DOCUMENTATION_COMMENTS = YES;
				CLANG_WARN_EMPTY_BODY = YES;
				CLANG_WARN_ENUM_CONVERSION = YES;
				CLANG_WARN_INFINITE_RECURSION = YES;
				CLANG_WARN_INT_CONVERSION = YES;
				CLANG_WARN_NON_LITERAL_NULL_CONVERSION = YES;
				CLANG_WARN_OBJC_IMPLICIT_RETAIN_SELF = YES;
				CLANG_WARN_OBJC_LITERAL_CONVERSION = YES;
				CLANG_WARN_OBJC_ROOT_CLASS = YES_ERROR;
				CLANG_WARN_QUOTED_INCLUDE_IN_FRAMEWORK_HEADER = YES;
				CLANG_WARN_RANGE_LOOP_ANALYSIS = YES;
				CLANG_WARN_STRICT_PROTOTYPES = YES;
				CLANG_WARN_SUSPICIOUS_MOVE = YES;
				CLANG_WARN_UNGUARDED_AVAILABILITY = YES_AGGRESSIVE;
				CLANG_WARN_UNREACHABLE_CODE = YES;
				CLANG_WARN__DUPLICATE_METHOD_MATCH = YES;
				COPY_PHASE_STRIP = NO;
				DEBUG_INFORMATION_FORMAT = "dwarf-with-dsym";
				ENABLE_NS_ASSERTIONS = NO;
				ENABLE_STRICT_OBJC_MSGSEND = YES;
				ENABLE_USER_SCRIPT_SANDBOXING = YES;
				GCC_C_LANGUAGE_STANDARD = gnu17;
				GCC_NO_COMMON_BLOCKS = YES;
				GCC_WARN_64_TO_32_BIT_CONVERSION = YES;
				GCC_WARN_ABOUT_RETURN_TYPE = YES_ERROR;
				GCC_WARN_UNDECLARED_SELECTOR = YES;
				GCC_WARN_UNINITIALIZED_AUTOS = YES_AGGRESSIVE;
				GCC_WARN_UNUSED_FUNCTION = YES;
				GCC_WARN_UNUSED_VARIABLE = YES;
				IPHONEOS_DEPLOYMENT_TARGET = 18.2;
				LOCALIZATION_PREFERS_STRING_CATALOGS = YES;
				MTL_ENABLE_DEBUG_INFO = NO;
				MTL_FAST_MATH = YES;
				SDKROOT = iphoneos;
				SWIFT_COMPILATION_MODE = wholemodule;
				VALIDATE_PRODUCT = YES;
			};
			name = Release;
		};
		47EF3FD72D94EAB70044FD58 /* Debug */ = {
			isa = XCBuildConfiguration;
			buildSettings = {
				ASSETCATALOG_COMPILER_APPICON_NAME = AppIcon;
				ASSETCATALOG_COMPILER_GLOBAL_ACCENT_COLOR_NAME = AccentColor;
				CODE_SIGN_STYLE = Automatic;
				CURRENT_PROJECT_VERSION = 1;
				DEVELOPMENT_ASSET_PATHS = "\"Chatwork/Preview Content\"";
				DEVELOPMENT_TEAM = L6Q4H7M3DB;
				ENABLE_PREVIEWS = YES;
				GENERATE_INFOPLIST_FILE = YES;
				INFOPLIST_KEY_UIApplicationSceneManifest_Generation = YES;
				INFOPLIST_KEY_UIApplicationSupportsIndirectInputEvents = YES;
				INFOPLIST_KEY_UILaunchScreen_Generation = YES;
				INFOPLIST_KEY_UISupportedInterfaceOrientations_iPad = "UIInterfaceOrientationPortrait UIInterfaceOrientationPortraitUpsideDown UIInterfaceOrientationLandscapeLeft UIInterfaceOrientationLandscapeRight";
				INFOPLIST_KEY_UISupportedInterfaceOrientations_iPhone = "UIInterfaceOrientationPortrait UIInterfaceOrientationLandscapeLeft UIInterfaceOrientationLandscapeRight";
				LD_RUNPATH_SEARCH_PATHS = (
					"$(inherited)",
					"@executable_path/Frameworks",
				);
				MARKETING_VERSION = 1.0;
				PRODUCT_BUNDLE_IDENTIFIER = jp.ooyasora.Chatwork;
				PRODUCT_NAME = "$(TARGET_NAME)";
				SWIFT_EMIT_LOC_STRINGS = YES;
				SWIFT_VERSION = 5.0;
				TARGETED_DEVICE_FAMILY = "1,2";
			};
			name = Debug;
		};
		47EF3FD82D94EAB70044FD58 /* Release */ = {
			isa = XCBuildConfiguration;
			buildSettings = {
				ASSETCATALOG_COMPILER_APPICON_NAME = AppIcon;
				ASSETCATALOG_COMPILER_GLOBAL_ACCENT_COLOR_NAME = AccentColor;
				CODE_SIGN_STYLE = Automatic;
				CURRENT_PROJECT_VERSION = 1;
				DEVELOPMENT_ASSET_PATHS = "\"Chatwork/Preview Content\"";
				DEVELOPMENT_TEAM = L6Q4H7M3DB;
				ENABLE_PREVIEWS = YES;
				GENERATE_INFOPLIST_FILE = YES;
				INFOPLIST_KEY_UIApplicationSceneManifest_Generation = YES;
				INFOPLIST_KEY_UIApplicationSupportsIndirectInputEvents = YES;
				INFOPLIST_KEY_UILaunchScreen_Generation = YES;
				INFOPLIST_KEY_UISupportedInterfaceOrientations_iPad = "UIInterfaceOrientationPortrait UIInterfaceOrientationPortraitUpsideDown UIInterfaceOrientationLandscapeLeft UIInterfaceOrientationLandscapeRight";
				INFOPLIST_KEY_UISupportedInterfaceOrientations_iPhone = "UIInterfaceOrientationPortrait UIInterfaceOrientationLandscapeLeft UIInterfaceOrientationLandscapeRight";
				LD_RUNPATH_SEARCH_PATHS = (
					"$(inherited)",
					"@executable_path/Frameworks",
				);
				MARKETING_VERSION = 1.0;
				PRODUCT_BUNDLE_IDENTIFIER = jp.ooyasora.Chatwork;
				PRODUCT_NAME = "$(TARGET_NAME)";
				SWIFT_EMIT_LOC_STRINGS = YES;
				SWIFT_VERSION = 5.0;
				TARGETED_DEVICE_FAMILY = "1,2";
			};
			name = Release;
		};
		47EF3FDA2D94EAB70044FD58 /* Debug */ = {
			isa = XCBuildConfiguration;
			buildSettings = {
				BUNDLE_LOADER = "$(TEST_HOST)";
				CODE_SIGN_STYLE = Automatic;
				CURRENT_PROJECT_VERSION = 1;
				DEVELOPMENT_TEAM = L6Q4H7M3DB;
				GENERATE_INFOPLIST_FILE = YES;
				IPHONEOS_DEPLOYMENT_TARGET = 18.2;
				MARKETING_VERSION = 1.0;
				PRODUCT_BUNDLE_IDENTIFIER = jp.ooyasora.ChatworkTests;
				PRODUCT_NAME = "$(TARGET_NAME)";
				SWIFT_EMIT_LOC_STRINGS = NO;
				SWIFT_VERSION = 5.0;
				TARGETED_DEVICE_FAMILY = "1,2";
				TEST_HOST = "$(BUILT_PRODUCTS_DIR)/Chatwork.app/$(BUNDLE_EXECUTABLE_FOLDER_PATH)/Chatwork";
			};
			name = Debug;
		};
		47EF3FDB2D94EAB70044FD58 /* Release */ = {
			isa = XCBuildConfiguration;
			buildSettings = {
				BUNDLE_LOADER = "$(TEST_HOST)";
				CODE_SIGN_STYLE = Automatic;
				CURRENT_PROJECT_VERSION = 1;
				DEVELOPMENT_TEAM = L6Q4H7M3DB;
				GENERATE_INFOPLIST_FILE = YES;
				IPHONEOS_DEPLOYMENT_TARGET = 18.2;
				MARKETING_VERSION = 1.0;
				PRODUCT_BUNDLE_IDENTIFIER = jp.ooyasora.ChatworkTests;
				PRODUCT_NAME = "$(TARGET_NAME)";
				SWIFT_EMIT_LOC_STRINGS = NO;
				SWIFT_VERSION = 5.0;
				TARGETED_DEVICE_FAMILY = "1,2";
				TEST_HOST = "$(BUILT_PRODUCTS_DIR)/Chatwork.app/$(BUNDLE_EXECUTABLE_FOLDER_PATH)/Chatwork";
			};
			name = Release;
		};
		47EF3FDD2D94EAB70044FD58 /* Debug */ = {
			isa = XCBuildConfiguration;
			buildSettings = {
				CODE_SIGN_STYLE = Automatic;
				CURRENT_PROJECT_VERSION = 1;
				DEVELOPMENT_TEAM = L6Q4H7M3DB;
				GENERATE_INFOPLIST_FILE = YES;
				MARKETING_VERSION = 1.0;
				PRODUCT_BUNDLE_IDENTIFIER = jp.ooyasora.ChatworkUITests;
				PRODUCT_NAME = "$(TARGET_NAME)";
				SWIFT_EMIT_LOC_STRINGS = NO;
				SWIFT_VERSION = 5.0;
				TARGETED_DEVICE_FAMILY = "1,2";
				TEST_TARGET_NAME = Chatwork;
			};
			name = Debug;
		};
		47EF3FDE2D94EAB70044FD58 /* Release */ = {
			isa = XCBuildConfiguration;
			buildSettings = {
				CODE_SIGN_STYLE = Automatic;
				CURRENT_PROJECT_VERSION = 1;
				DEVELOPMENT_TEAM = L6Q4H7M3DB;
				GENERATE_INFOPLIST_FILE = YES;
				MARKETING_VERSION = 1.0;
				PRODUCT_BUNDLE_IDENTIFIER = jp.ooyasora.ChatworkUITests;
				PRODUCT_NAME = "$(TARGET_NAME)";
				SWIFT_EMIT_LOC_STRINGS = NO;
				SWIFT_VERSION = 5.0;
				TARGETED_DEVICE_FAMILY = "1,2";
				TEST_TARGET_NAME = Chatwork;
			};
			name = Release;
		};
/* End XCBuildConfiguration section */

/* Begin XCConfigurationList section */
		47EF3FAD2D94EAB60044FD58 /* Build configuration list for PBXProject "Chatwork" */ = {
			isa = XCConfigurationList;
			buildConfigurations = (
				47EF3FD42D94EAB70044FD58 /* Debug */,
				47EF3FD52D94EAB70044FD58 /* Release */,
			);
			defaultConfigurationIsVisible = 0;
			defaultConfigurationName = Release;
		};
		47EF3FD62D94EAB70044FD58 /* Build configuration list for PBXNativeTarget "Chatwork" */ = {
			isa = XCConfigurationList;
			buildConfigurations = (
				47EF3FD72D94EAB70044FD58 /* Debug */,
				47EF3FD82D94EAB70044FD58 /* Release */,
			);
			defaultConfigurationIsVisible = 0;
			defaultConfigurationName = Release;
		};
		47EF3FD92D94EAB70044FD58 /* Build configuration list for PBXNativeTarget "ChatworkTests" */ = {
			isa = XCConfigurationList;
			buildConfigurations = (
				47EF3FDA2D94EAB70044FD58 /* Debug */,
				47EF3FDB2D94EAB70044FD58 /* Release */,
			);
			defaultConfigurationIsVisible = 0;
			defaultConfigurationName = Release;
		};
		47EF3FDC2D94EAB70044FD58 /* Build configuration list for PBXNativeTarget "ChatworkUITests" */ = {
			isa = XCConfigurationList;
			buildConfigurations = (
				47EF3FDD2D94EAB70044FD58 /* Debug */,
				47EF3FDE2D94EAB70044FD58 /* Release */,
			);
			defaultConfigurationIsVisible = 0;
			defaultConfigurationName = Release;
		};
/* End XCConfigurationList section */
	};
	rootObject = 47EF3FAA2D94EAB60044FD58 /* Project object */;
}
